
Microsoft Visual Studio Solution File, Format Version 12.00
# Visual Studio Version 17
VisualStudioVersion = 17.8.34330.188
MinimumVisualStudioVersion = 10.0.40219.1
Project("{FAE04EC0-301F-11D3-BF4B-00C04F79EFBC}") = "Nexus Arcade", "Nexus Arcade.csproj", "{A227CE7B-CF0F-42CA-9BA6-9B4B46EF6FC1}"
EndProject
Global
	GlobalSection(SolutionConfigurationPlatforms) = preSolution
		Debug|Any CPU = Debug|Any CPU
		Release|Any CPU = Release|Any CPU
	EndGlobalSection
	GlobalSection(ProjectConfigurationPlatforms) = postSolution
		{A227CE7B-CF0F-42CA-9BA6-9B4B46EF6FC1}.Debug|Any CPU.ActiveCfg = Debug|Any CPU
		{A227CE7B-CF0F-42CA-9BA6-9B4B46EF6FC1}.Debug|Any CPU.Build.0 = Debug|Any CPU
		{A227CE7B-CF0F-42CA-9BA6-9B4B46EF6FC1}.Release|Any CPU.ActiveCfg = Release|Any CPU
		{A227CE7B-CF0F-42CA-9BA6-9B4B46EF6FC1}.Release|Any CPU.Build.0 = Release|Any CPU
	EndGlobalSection
	GlobalSection(SolutionProperties) = preSolution
		HideSolutionNode = FALSE
	EndGlobalSection
	GlobalSection(ExtensibilityGlobals) = postSolution
		SolutionGuid = {DAE50D83-28B1-484F-BD18-4501AC3E1680}
	EndGlobalSection
EndGlobal
